
Microsoft Visual Studio Solution File, Format Version 12.00
# Visual Studio Version 17
VisualStudioVersion = 17.11.35303.130
MinimumVisualStudioVersion = 10.0.40219.1
Project("{FAE04EC0-301F-11D3-BF4B-00C04F79EFBC}") = "lab7", "lab7.csproj", "{97A996AC-10BA-4EB8-86DC-20CE3F4EA645}"
EndProject
Global
	GlobalSection(SolutionConfigurationPlatforms) = preSolution
		Debug|Any CPU = Debug|Any CPU
		Release|Any CPU = Release|Any CPU
	EndGlobalSection
	GlobalSection(ProjectConfigurationPlatforms) = postSolution
		{97A996AC-10BA-4EB8-86DC-20CE3F4EA645}.Debug|Any CPU.ActiveCfg = Debug|Any CPU
		{97A996AC-10BA-4EB8-86DC-20CE3F4EA645}.Debug|Any CPU.Build.0 = Debug|Any CPU
		{97A996AC-10BA-4EB8-86DC-20CE3F4EA645}.Release|Any CPU.ActiveCfg = Release|Any CPU
		{97A996AC-10BA-4EB8-86DC-20CE3F4EA645}.Release|Any CPU.Build.0 = Release|Any CPU
	EndGlobalSection
	GlobalSection(SolutionProperties) = preSolution
		HideSolutionNode = FALSE
	EndGlobalSection
	GlobalSection(ExtensibilityGlobals) = postSolution
		SolutionGuid = {FAF9D328-8FB3-43A5-A0D0-1253ABF93FAE}
	EndGlobalSection
EndGlobal
